{
  "name": "plague-inc",
  "version": "1.0.0",
  "lockfileVersion": 2,
  "requires": true,
  "packages": {
    "": {
      "name": "plague-inc",
      "version": "1.0.0",
      "license": "ISC",
      "dependencies": {
        "animejs": "^3.2.1"
      },
      "devDependencies": {
        "@types/animejs": "^3.1.7",
        "typescript": "^5.0.2"
      }
    },
    "node_modules/@types/animejs": {
      "version": "3.1.7",
      "resolved": "https://registry.npmjs.org/@types/animejs/-/animejs-3.1.7.tgz",
      "integrity": "sha512-kFSyjM+fLo3oE9noWEtUvF82ttN8fTrKohiEMIrSzEzEjnsCmtO0rBCUQBlSPEb2w8vfN+v4/Zo0tK21Bgmq4g==",
      "dev": true
    },
    "node_modules/animejs": {
      "version": "3.2.1",
      "resolved": "https://registry.npmjs.org/animejs/-/animejs-3.2.1.tgz",
      "integrity": "sha512-sWno3ugFryK5nhiDm/2BKeFCpZv7vzerWUcUPyAZLDhMek3+S/p418ldZJbJXo5ZUOpfm2kP2XRO4NJcULMy9A=="
    },
    "node_modules/typescript": {
      "version": "5.0.2",
      "resolved": "https://registry.npmjs.org/typescript/-/typescript-5.0.2.tgz",
      "integrity": "sha512-wVORMBGO/FAs/++blGNeAVdbNKtIh1rbBL2EyQ1+J9lClJ93KiiKe8PmFIVdXhHcyv44SL9oglmfeSsndo0jRw==",
      "dev": true,
      "bin": {
        "tsc": "bin/tsc",
        "tsserver": "bin/tsserver"
      },
      "engines": {
        "node": ">=12.20"
      }
    }
  },
  "dependencies": {
    "@types/animejs": {
      "version": "3.1.7",
      "resolved": "https://registry.npmjs.org/@types/animejs/-/animejs-3.1.7.tgz",
      "integrity": "sha512-kFSyjM+fLo3oE9noWEtUvF82ttN8fTrKohiEMIrSzEzEjnsCmtO0rBCUQBlSPEb2w8vfN+v4/Zo0tK21Bgmq4g==",
      "dev": true
    },
    "animejs": {
      "version": "3.2.1",
      "resolved": "https://registry.npmjs.org/animejs/-/animejs-3.2.1.tgz",
      "integrity": "sha512-sWno3ugFryK5nhiDm/2BKeFCpZv7vzerWUcUPyAZLDhMek3+S/p418ldZJbJXo5ZUOpfm2kP2XRO4NJcULMy9A=="
    },
    "typescript": {
      "version": "5.0.2",
      "resolved": "https://registry.npmjs.org/typescript/-/typescript-5.0.2.tgz",
      "integrity": "sha512-wVORMBGO/FAs/++blGNeAVdbNKtIh1rbBL2EyQ1+J9lClJ93KiiKe8PmFIVdXhHcyv44SL9oglmfeSsndo0jRw==",
      "dev": true
    }
  }
}
